<?xml version="1.0" encoding="utf-8"?>
<Project ToolsVersion="4.0" xmlns="http://schemas.microsoft.com/developer/msbuild/2003">
  <ItemGroup>
    <Filter Include="KamataEngine">
      <UniqueIdentifier>{4FC737F1-C7A5-4376-A066-2A32D752A2FF}</UniqueIdentifier>
      <Extensions>cpp;c;cc;cxx;c++;cppm;ixx;def;odl;idl;hpj;bat;asm;asmx</Extensions>
    </Filter>
    <Filter Include="KamataEngine\Source">
      <UniqueIdentifier>{d966e9f8-e880-44ae-8586-a08515e4cffc}</UniqueIdentifier>
    </Filter>
    <Filter Include="KamataEngine\Adapter">
      <UniqueIdentifier>{c6468eb4-788b-4a83-b207-a5f4804e56c5}</UniqueIdentifier>
    </Filter>
    <Filter Include="KamataEngine\Adapter\Include">
      <UniqueIdentifier>{4aae4e40-94f7-4d32-9a91-c0c37a2edf0d}</UniqueIdentifier>
    </Filter>
  </ItemGroup>
  <ItemGroup>
    <ClCompile Include="main.cpp" />
    <ClCompile Include="C:\KamataEngine\Adapter\Novice.cpp">
      <Filter>KamataEngine\Adapter</Filter>
    </ClCompile>
    <ClCompile Include="Source\AffineMatrix.cpp">
      <Filter>KamataEngine</Filter>
    </ClCompile>
    <ClCompile Include="Source\Enemy.cpp">
      <Filter>KamataEngine</Filter>
    </ClCompile>
    <ClCompile Include="Source\Inverse.cpp">
      <Filter>KamataEngine</Filter>
    </ClCompile>
    <ClCompile Include="Source\Multiply.cpp">
      <Filter>KamataEngine</Filter>
    </ClCompile>
    <ClCompile Include="Source\OrthographicMatrix.cpp">
      <Filter>KamataEngine</Filter>
    </ClCompile>
    <ClCompile Include="Source\Player.cpp">
      <Filter>KamataEngine</Filter>
    </ClCompile>
    <ClCompile Include="Source\RotateMatrix.cpp">
      <Filter>KamataEngine</Filter>
    </ClCompile>
    <ClCompile Include="Source\ScaleMatrix.cpp">
      <Filter>KamataEngine</Filter>
    </ClCompile>
    <ClCompile Include="Source\Transform.cpp">
      <Filter>KamataEngine</Filter>
    </ClCompile>
    <ClCompile Include="Source\TranslateMatrix.cpp">
      <Filter>KamataEngine</Filter>
    </ClCompile>
    <ClCompile Include="Source\ViewportMatrix.cpp">
      <Filter>KamataEngine</Filter>
    </ClCompile>
    <ClCompile Include="Source\Bullet.cpp">
      <Filter>KamataEngine</Filter>
    </ClCompile>
    <ClCompile Include="Source\Length.cpp">
      <Filter>KamataEngine</Filter>
    </ClCompile>
    <ClCompile Include="Source\DiagonaMatrix.cpp">
      <Filter>KamataEngine</Filter>
    </ClCompile>
    <ClCompile Include="Source\Camera.cpp">
      <Filter>KamataEngine</Filter>
    </ClCompile>
    <ClCompile Include="Source\GameScene.cpp">
      <Filter>KamataEngine</Filter>
    </ClCompile>
    <ClCompile Include="Source\TitleScene.cpp">
      <Filter>KamataEngine</Filter>
    </ClCompile>
  </ItemGroup>
  <ItemGroup>
    <ClInclude Include="C:\KamataEngine\DirectXGame\audio\Audio.h">
      <Filter>KamataEngine\Adapter\Include</Filter>
    </ClInclude>
    <ClInclude Include="C:\KamataEngine\DirectXGame\2d\DebugText.h">
      <Filter>KamataEngine\Adapter\Include</Filter>
    </ClInclude>
    <ClInclude Include="C:\KamataEngine\DirectXGame\base\DirectXCommon.h">
      <Filter>KamataEngine\Adapter\Include</Filter>
    </ClInclude>
    <ClInclude Include="C:\KamataEngine\DirectXGame\scene\GameScene.h">
      <Filter>KamataEngine\Adapter\Include</Filter>
    </ClInclude>
    <ClInclude Include="C:\KamataEngine\DirectXGame\input\Input.h">
      <Filter>KamataEngine\Adapter\Include</Filter>
    </ClInclude>
    <ClInclude Include="C:\KamataEngine\DirectXGame\3d\Model.h">
      <Filter>KamataEngine\Adapter\Include</Filter>
    </ClInclude>
    <ClInclude Include="C:\KamataEngine\DirectXGame\base\SafeDelete.h">
      <Filter>KamataEngine\Adapter\Include</Filter>
    </ClInclude>
    <ClInclude Include="C:\KamataEngine\DirectXGame\2d\Sprite.h">
      <Filter>KamataEngine\Adapter\Include</Filter>
    </ClInclude>
    <ClInclude Include="C:\KamataEngine\DirectXGame\base\TextureManager.h">
      <Filter>KamataEngine\Adapter\Include</Filter>
    </ClInclude>
    <ClInclude Include="C:\KamataEngine\DirectXGame\base\WinApp.h">
      <Filter>KamataEngine\Adapter\Include</Filter>
    </ClInclude>
    <ClInclude Include="C:\KamataEngine\DirectXGame\3d\WorldTransform.h">
      <Filter>KamataEngine\Adapter\Include</Filter>
    </ClInclude>
    <ClInclude Include="C:\KamataEngine\Adapter\Novice.h">
      <Filter>KamataEngine\Adapter</Filter>
    </ClInclude>
    <ClInclude Include="C:\KamataEngine\DirectXGame\3d\CircleShadow.h">
      <Filter>KamataEngine\Adapter\Include</Filter>
    </ClInclude>
    <ClInclude Include="C:\KamataEngine\DirectXGame\3d\DebugCamera.h">
      <Filter>KamataEngine\Adapter\Include</Filter>
    </ClInclude>
    <ClInclude Include="C:\KamataEngine\DirectXGame\3d\DirectionalLight.h">
      <Filter>KamataEngine\Adapter\Include</Filter>
    </ClInclude>
    <ClInclude Include="C:\KamataEngine\DirectXGame\3d\LightGroup.h">
      <Filter>KamataEngine\Adapter\Include</Filter>
    </ClInclude>
    <ClInclude Include="C:\KamataEngine\DirectXGame\3d\Material.h">
      <Filter>KamataEngine\Adapter\Include</Filter>
    </ClInclude>
    <ClInclude Include="C:\KamataEngine\DirectXGame\3d\Mesh.h">
      <Filter>KamataEngine\Adapter\Include</Filter>
    </ClInclude>
    <ClInclude Include="C:\KamataEngine\DirectXGame\3d\PointLight.h">
      <Filter>KamataEngine\Adapter\Include</Filter>
    </ClInclude>
    <ClInclude Include="C:\KamataEngine\DirectXGame\3d\SpotLight.h">
      <Filter>KamataEngine\Adapter\Include</Filter>
    </ClInclude>
    <ClInclude Include="C:\KamataEngine\DirectXGame\base\StringUtility.h">
      <Filter>KamataEngine\Adapter\Include</Filter>
    </ClInclude>
    <ClInclude Include="..\DirectXGame\3d\Camera.h">
      <Filter>KamataEngine\Adapter\Include</Filter>
    </ClInclude>
    <ClInclude Include="C:\KamataEngine\DirectXGame\math\Matrix4x4.h">
      <Filter>KamataEngine\Adapter\Include</Filter>
    </ClInclude>
    <ClInclude Include="C:\KamataEngine\DirectXGame\math\Vector2.h">
      <Filter>KamataEngine\Adapter\Include</Filter>
    </ClInclude>
    <ClInclude Include="C:\KamataEngine\DirectXGame\math\Vector3.h">
      <Filter>KamataEngine\Adapter\Include</Filter>
    </ClInclude>
    <ClInclude Include="C:\KamataEngine\DirectXGame\math\Vector4.h">
      <Filter>KamataEngine\Adapter\Include</Filter>
    </ClInclude>
    <ClInclude Include="C:\KamataEngine\DirectXGame\2d\ImGuiManager.h">
      <Filter>KamataEngine\Adapter\Include</Filter>
    </ClInclude>
    <ClInclude Include="Header\AffineMatrix.h" />
    <ClInclude Include="Header\Inverse.h" />
    <ClInclude Include="Header\Matrix3x3.h" />
    <ClInclude Include="Header\Multiply.h" />
    <ClInclude Include="Header\OrthographicMatrix.h" />
    <ClInclude Include="Header\Player.h" />
    <ClInclude Include="Header\RotateMatrix.h" />
    <ClInclude Include="Header\Transform.h" />
    <ClInclude Include="Header\TranslateMatrix.h" />
    <ClInclude Include="Header\Vector2.h" />
    <ClInclude Include="Header\ViewportMatrix.h" />
    <ClInclude Include="Header\Enemy.h" />
    <ClInclude Include="Header\ScaleMatix.h" />
    <ClInclude Include="Header\Bullet.h" />
    <ClInclude Include="Header\DiagonalMatrix.h" />
    <ClInclude Include="Header\Length.h" />
    <ClInclude Include="Header\Camera.h" />
    <ClInclude Include="Header\GameScene.h" />
    <ClInclude Include="Header\TitleScene.h" />
  </ItemGroup>
</Project>